SITE
  remote: https://supermarket.getchef.com/api/v1
  specs:
    chef-client (3.8.0)
      cron (>= 1.2.0)
      logrotate (>= 1.2.0)
      windows (~> 1.11)
    chef_handler (1.1.6)
    cron (1.4.0)
    logrotate (1.6.0)
    windows (1.34.2)
      chef_handler (>= 0.0.0)

PATH
  remote: ./
  specs:
    chef-client_syslog (0.1.1)
      chef-client (>= 3.0.0)

DEPENDENCIES
  chef-client_syslog (>= 0)

